PODS:
  - Alamofire (4.9.1)
  - Swifter (1.4.7)

DEPENDENCIES:
  - Alamofire (~> 4.0)
  - Swifter (~> 1.4.7)

SPEC REPOS:
  trunk:
    - Alamofire
    - Swifter

SPEC CHECKSUMS:
  Alamofire: 85e8a02c69d6020a0d734f6054870d7ecb75cf18
  Swifter: 2327ef5d872c638aebab79646ce494af508b0c8f

PODFILE CHECKSUM: af76a0d8c9f0dfe91998c7dbfb7031280d1afbff

COCOAPODS: 1.9.3
