// !$*UTF8*$!
{
	archiveVersion = 1;
	classes = {
	};
	objectVersion = 50;
	objects = {

/* Begin PBXBuildFile section */
		453FE08024F347F500DA3383 /* SettingsTableTableViewController.swift in Sources */ = {isa = PBXBuildFile; fileRef = 453FE07F24F347F500DA3383 /* SettingsTableTableViewController.swift */; };
		C71E19CC24EAB8C9001E83C1 /* Analytics.storyboard in Resources */ = {isa = PBXBuildFile; fileRef = C71E19CB24EAB8C9001E83C1 /* Analytics.storyboard */; };
		C71E19D324EABE65001E83C1 /* Requests.storyboard in Resources */ = {isa = PBXBuildFile; fileRef = C71E19D224EABE65001E83C1 /* Requests.storyboard */; };
		C71E19D524EABE79001E83C1 /* DNS.storyboard in Resources */ = {isa = PBXBuildFile; fileRef = C71E19D424EABE79001E83C1 /* DNS.storyboard */; };
		C71E19D724EABE88001E83C1 /* Settings.storyboard in Resources */ = {isa = PBXBuildFile; fileRef = C71E19D624EABE88001E83C1 /* Settings.storyboard */; };
		C7A5567424DE536E00C21123 /* Cloudflare.swift in Sources */ = {isa = PBXBuildFile; fileRef = C7A5567324DE536E00C21123 /* Cloudflare.swift */; };
		C7A5567624DE55A900C21123 /* AnalyticsViewModel.swift in Sources */ = {isa = PBXBuildFile; fileRef = C7A5567524DE55A900C21123 /* AnalyticsViewModel.swift */; };
		C7B95A2B24DE4C0B00459A5C /* AppDelegate.swift in Sources */ = {isa = PBXBuildFile; fileRef = C7B95A2A24DE4C0B00459A5C /* AppDelegate.swift */; };
		C7B95A2D24DE4C0B00459A5C /* ViewController.swift in Sources */ = {isa = PBXBuildFile; fileRef = C7B95A2C24DE4C0B00459A5C /* ViewController.swift */; };
		C7B95A3024DE4C0B00459A5C /* Main.storyboard in Resources */ = {isa = PBXBuildFile; fileRef = C7B95A2E24DE4C0B00459A5C /* Main.storyboard */; };
		C7B95A3324DE4C0B00459A5C /* Bonfire.xcdatamodeld in Sources */ = {isa = PBXBuildFile; fileRef = C7B95A3124DE4C0B00459A5C /* Bonfire.xcdatamodeld */; };
		C7B95A3524DE4C0D00459A5C /* Assets.xcassets in Resources */ = {isa = PBXBuildFile; fileRef = C7B95A3424DE4C0D00459A5C /* Assets.xcassets */; };
		C7B95A3824DE4C0D00459A5C /* LaunchScreen.storyboard in Resources */ = {isa = PBXBuildFile; fileRef = C7B95A3624DE4C0D00459A5C /* LaunchScreen.storyboard */; };
		C7B95A4324DE4C0E00459A5C /* BonfireTests.swift in Sources */ = {isa = PBXBuildFile; fileRef = C7B95A4224DE4C0E00459A5C /* BonfireTests.swift */; };
		C7B95A4E24DE4C0E00459A5C /* BonfireUITests.swift in Sources */ = {isa = PBXBuildFile; fileRef = C7B95A4D24DE4C0E00459A5C /* BonfireUITests.swift */; };
/* End PBXBuildFile section */

/* Begin PBXContainerItemProxy section */
		C7B95A3F24DE4C0E00459A5C /* PBXContainerItemProxy */ = {
			isa = PBXContainerItemProxy;
			containerPortal = C7B95A1F24DE4C0B00459A5C /* Project object */;
			proxyType = 1;
			remoteGlobalIDString = C7B95A2624DE4C0B00459A5C;
			remoteInfo = Bonfire;
		};
		C7B95A4A24DE4C0E00459A5C /* PBXContainerItemProxy */ = {
			isa = PBXContainerItemProxy;
			containerPortal = C7B95A1F24DE4C0B00459A5C /* Project object */;
			proxyType = 1;
			remoteGlobalIDString = C7B95A2624DE4C0B00459A5C;
			remoteInfo = Bonfire;
		};
/* End PBXContainerItemProxy section */

/* Begin PBXFileReference section */
		453FE07F24F347F500DA3383 /* SettingsTableTableViewController.swift */ = {isa = PBXFileReference; lastKnownFileType = sourcecode.swift; path = SettingsTableTableViewController.swift; sourceTree = "<group>"; };
		C71E19CB24EAB8C9001E83C1 /* Analytics.storyboard */ = {isa = PBXFileReference; lastKnownFileType = file.storyboard; path = Analytics.storyboard; sourceTree = "<group>"; };
		C71E19D224EABE65001E83C1 /* Requests.storyboard */ = {isa = PBXFileReference; lastKnownFileType = file.storyboard; path = Requests.storyboard; sourceTree = "<group>"; };
		C71E19D424EABE79001E83C1 /* DNS.storyboard */ = {isa = PBXFileReference; lastKnownFileType = file.storyboard; path = DNS.storyboard; sourceTree = "<group>"; };
		C71E19D624EABE88001E83C1 /* Settings.storyboard */ = {isa = PBXFileReference; lastKnownFileType = file.storyboard; path = Settings.storyboard; sourceTree = "<group>"; };
		C7A5567324DE536E00C21123 /* Cloudflare.swift */ = {isa = PBXFileReference; lastKnownFileType = sourcecode.swift; path = Cloudflare.swift; sourceTree = "<group>"; };
		C7A5567524DE55A900C21123 /* AnalyticsViewModel.swift */ = {isa = PBXFileReference; lastKnownFileType = sourcecode.swift; path = AnalyticsViewModel.swift; sourceTree = "<group>"; };
		C7B95A2724DE4C0B00459A5C /* Bonfire.app */ = {isa = PBXFileReference; explicitFileType = wrapper.application; includeInIndex = 0; path = Bonfire.app; sourceTree = BUILT_PRODUCTS_DIR; };
		C7B95A2A24DE4C0B00459A5C /* AppDelegate.swift */ = {isa = PBXFileReference; lastKnownFileType = sourcecode.swift; path = AppDelegate.swift; sourceTree = "<group>"; };
		C7B95A2C24DE4C0B00459A5C /* ViewController.swift */ = {isa = PBXFileReference; lastKnownFileType = sourcecode.swift; path = ViewController.swift; sourceTree = "<group>"; };
		C7B95A2F24DE4C0B00459A5C /* Base */ = {isa = PBXFileReference; lastKnownFileType = file.storyboard; name = Base; path = Base.lproj/Main.storyboard; sourceTree = "<group>"; };
		C7B95A3224DE4C0B00459A5C /* Bonfire.xcdatamodel */ = {isa = PBXFileReference; lastKnownFileType = wrapper.xcdatamodel; path = Bonfire.xcdatamodel; sourceTree = "<group>"; };
		C7B95A3424DE4C0D00459A5C /* Assets.xcassets */ = {isa = PBXFileReference; lastKnownFileType = folder.assetcatalog; path = Assets.xcassets; sourceTree = "<group>"; };
		C7B95A3724DE4C0D00459A5C /* Base */ = {isa = PBXFileReference; lastKnownFileType = file.storyboard; name = Base; path = Base.lproj/LaunchScreen.storyboard; sourceTree = "<group>"; };
		C7B95A3924DE4C0D00459A5C /* Info.plist */ = {isa = PBXFileReference; lastKnownFileType = text.plist.xml; path = Info.plist; sourceTree = "<group>"; };
		C7B95A3E24DE4C0E00459A5C /* BonfireTests.xctest */ = {isa = PBXFileReference; explicitFileType = wrapper.cfbundle; includeInIndex = 0; path = BonfireTests.xctest; sourceTree = BUILT_PRODUCTS_DIR; };
		C7B95A4224DE4C0E00459A5C /* BonfireTests.swift */ = {isa = PBXFileReference; lastKnownFileType = sourcecode.swift; path = BonfireTests.swift; sourceTree = "<group>"; };
		C7B95A4424DE4C0E00459A5C /* Info.plist */ = {isa = PBXFileReference; lastKnownFileType = text.plist.xml; path = Info.plist; sourceTree = "<group>"; };
		C7B95A4924DE4C0E00459A5C /* BonfireUITests.xctest */ = {isa = PBXFileReference; explicitFileType = wrapper.cfbundle; includeInIndex = 0; path = BonfireUITests.xctest; sourceTree = BUILT_PRODUCTS_DIR; };
		C7B95A4D24DE4C0E00459A5C /* BonfireUITests.swift */ = {isa = PBXFileReference; lastKnownFileType = sourcecode.swift; path = BonfireUITests.swift; sourceTree = "<group>"; };
		C7B95A4F24DE4C0E00459A5C /* Info.plist */ = {isa = PBXFileReference; lastKnownFileType = text.plist.xml; path = Info.plist; sourceTree = "<group>"; };
/* End PBXFileReference section */

/* Begin PBXFrameworksBuildPhase section */
		C7B95A2424DE4C0B00459A5C /* Frameworks */ = {
			isa = PBXFrameworksBuildPhase;
			buildActionMask = 2147483647;
			files = (
			);
			runOnlyForDeploymentPostprocessing = 0;
		};
		C7B95A3B24DE4C0E00459A5C /* Frameworks */ = {
			isa = PBXFrameworksBuildPhase;
			buildActionMask = 2147483647;
			files = (
			);
			runOnlyForDeploymentPostprocessing = 0;
		};
		C7B95A4624DE4C0E00459A5C /* Frameworks */ = {
			isa = PBXFrameworksBuildPhase;
			buildActionMask = 2147483647;
			files = (
			);
			runOnlyForDeploymentPostprocessing = 0;
		};
/* End PBXFrameworksBuildPhase section */

/* Begin PBXGroup section */
		C7A5566F24DE518900C21123 /* Model */ = {
			isa = PBXGroup;
			children = (
				C7A5567324DE536E00C21123 /* Cloudflare.swift */,
			);
			path = Model;
			sourceTree = "<group>";
		};
		C7A5567024DE519000C21123 /* View */ = {
			isa = PBXGroup;
			children = (
				C7B95A2E24DE4C0B00459A5C /* Main.storyboard */,
				C71E19CB24EAB8C9001E83C1 /* Analytics.storyboard */,
				C71E19D224EABE65001E83C1 /* Requests.storyboard */,
				C71E19D424EABE79001E83C1 /* DNS.storyboard */,
				C71E19D624EABE88001E83C1 /* Settings.storyboard */,
			);
			path = View;
			sourceTree = "<group>";
		};
		C7A5567124DE51A900C21123 /* Controller */ = {
			isa = PBXGroup;
			children = (
				C7A5567224DE51CE00C21123 /* ViewModel */,
				C7B95A2C24DE4C0B00459A5C /* ViewController.swift */,
				453FE07F24F347F500DA3383 /* SettingsTableTableViewController.swift */,
			);
			path = Controller;
			sourceTree = "<group>";
		};
		C7A5567224DE51CE00C21123 /* ViewModel */ = {
			isa = PBXGroup;
			children = (
				C7A5567524DE55A900C21123 /* AnalyticsViewModel.swift */,
			);
			path = ViewModel;
			sourceTree = "<group>";
		};
		C7B95A1E24DE4C0B00459A5C = {
			isa = PBXGroup;
			children = (
				C7B95A2924DE4C0B00459A5C /* Bonfire */,
				C7B95A4124DE4C0E00459A5C /* BonfireTests */,
				C7B95A4C24DE4C0E00459A5C /* BonfireUITests */,
				C7B95A2824DE4C0B00459A5C /* Products */,
			);
			sourceTree = "<group>";
		};
		C7B95A2824DE4C0B00459A5C /* Products */ = {
			isa = PBXGroup;
			children = (
				C7B95A2724DE4C0B00459A5C /* Bonfire.app */,
				C7B95A3E24DE4C0E00459A5C /* BonfireTests.xctest */,
				C7B95A4924DE4C0E00459A5C /* BonfireUITests.xctest */,
			);
			name = Products;
			sourceTree = "<group>";
		};
		C7B95A2924DE4C0B00459A5C /* Bonfire */ = {
			isa = PBXGroup;
			children = (
				C7A5566F24DE518900C21123 /* Model */,
				C7A5567024DE519000C21123 /* View */,
				C7A5567124DE51A900C21123 /* Controller */,
				C7B95A2A24DE4C0B00459A5C /* AppDelegate.swift */,
				C7B95A3624DE4C0D00459A5C /* LaunchScreen.storyboard */,
				C7B95A3424DE4C0D00459A5C /* Assets.xcassets */,
				C7B95A3924DE4C0D00459A5C /* Info.plist */,
				C7B95A3124DE4C0B00459A5C /* Bonfire.xcdatamodeld */,
			);
			path = Bonfire;
			sourceTree = "<group>";
		};
		C7B95A4124DE4C0E00459A5C /* BonfireTests */ = {
			isa = PBXGroup;
			children = (
				C7B95A4224DE4C0E00459A5C /* BonfireTests.swift */,
				C7B95A4424DE4C0E00459A5C /* Info.plist */,
			);
			path = BonfireTests;
			sourceTree = "<group>";
		};
		C7B95A4C24DE4C0E00459A5C /* BonfireUITests */ = {
			isa = PBXGroup;
			children = (
				C7B95A4D24DE4C0E00459A5C /* BonfireUITests.swift */,
				C7B95A4F24DE4C0E00459A5C /* Info.plist */,
			);
			path = BonfireUITests;
			sourceTree = "<group>";
		};
/* End PBXGroup section */

/* Begin PBXNativeTarget section */
		C7B95A2624DE4C0B00459A5C /* Bonfire */ = {
			isa = PBXNativeTarget;
			buildConfigurationList = C7B95A5224DE4C0E00459A5C /* Build configuration list for PBXNativeTarget "Bonfire" */;
			buildPhases = (
				C7B95A2324DE4C0B00459A5C /* Sources */,
				C7B95A2424DE4C0B00459A5C /* Frameworks */,
				C7B95A2524DE4C0B00459A5C /* Resources */,
			);
			buildRules = (
			);
			dependencies = (
			);
			name = Bonfire;
			productName = Bonfire;
			productReference = C7B95A2724DE4C0B00459A5C /* Bonfire.app */;
			productType = "com.apple.product-type.application";
		};
		C7B95A3D24DE4C0E00459A5C /* BonfireTests */ = {
			isa = PBXNativeTarget;
			buildConfigurationList = C7B95A5524DE4C0E00459A5C /* Build configuration list for PBXNativeTarget "BonfireTests" */;
			buildPhases = (
				C7B95A3A24DE4C0E00459A5C /* Sources */,
				C7B95A3B24DE4C0E00459A5C /* Frameworks */,
				C7B95A3C24DE4C0E00459A5C /* Resources */,
			);
			buildRules = (
			);
			dependencies = (
				C7B95A4024DE4C0E00459A5C /* PBXTargetDependency */,
			);
			name = BonfireTests;
			productName = BonfireTests;
			productReference = C7B95A3E24DE4C0E00459A5C /* BonfireTests.xctest */;
			productType = "com.apple.product-type.bundle.unit-test";
		};
		C7B95A4824DE4C0E00459A5C /* BonfireUITests */ = {
			isa = PBXNativeTarget;
			buildConfigurationList = C7B95A5824DE4C0E00459A5C /* Build configuration list for PBXNativeTarget "BonfireUITests" */;
			buildPhases = (
				C7B95A4524DE4C0E00459A5C /* Sources */,
				C7B95A4624DE4C0E00459A5C /* Frameworks */,
				C7B95A4724DE4C0E00459A5C /* Resources */,
			);
			buildRules = (
			);
			dependencies = (
				C7B95A4B24DE4C0E00459A5C /* PBXTargetDependency */,
			);
			name = BonfireUITests;
			productName = BonfireUITests;
			productReference = C7B95A4924DE4C0E00459A5C /* BonfireUITests.xctest */;
			productType = "com.apple.product-type.bundle.ui-testing";
		};
/* End PBXNativeTarget section */

/* Begin PBXProject section */
		C7B95A1F24DE4C0B00459A5C /* Project object */ = {
			isa = PBXProject;
			attributes = {
				LastSwiftUpdateCheck = 1030;
				LastUpgradeCheck = 1030;
				ORGANIZATIONNAME = ipse;
				TargetAttributes = {
					C7B95A2624DE4C0B00459A5C = {
						CreatedOnToolsVersion = 10.3;
					};
					C7B95A3D24DE4C0E00459A5C = {
						CreatedOnToolsVersion = 10.3;
						TestTargetID = C7B95A2624DE4C0B00459A5C;
					};
					C7B95A4824DE4C0E00459A5C = {
						CreatedOnToolsVersion = 10.3;
						TestTargetID = C7B95A2624DE4C0B00459A5C;
					};
				};
			};
			buildConfigurationList = C7B95A2224DE4C0B00459A5C /* Build configuration list for PBXProject "Bonfire" */;
			compatibilityVersion = "Xcode 9.3";
			developmentRegion = en;
			hasScannedForEncodings = 0;
			knownRegions = (
				en,
				Base,
			);
			mainGroup = C7B95A1E24DE4C0B00459A5C;
			productRefGroup = C7B95A2824DE4C0B00459A5C /* Products */;
			projectDirPath = "";
			projectRoot = "";
			targets = (
				C7B95A2624DE4C0B00459A5C /* Bonfire */,
				C7B95A3D24DE4C0E00459A5C /* BonfireTests */,
				C7B95A4824DE4C0E00459A5C /* BonfireUITests */,
			);
		};
/* End PBXProject section */

/* Begin PBXResourcesBuildPhase section */
		C7B95A2524DE4C0B00459A5C /* Resources */ = {
			isa = PBXResourcesBuildPhase;
			buildActionMask = 2147483647;
			files = (
				C7B95A3824DE4C0D00459A5C /* LaunchScreen.storyboard in Resources */,
				C7B95A3524DE4C0D00459A5C /* Assets.xcassets in Resources */,
				C71E19D524EABE79001E83C1 /* DNS.storyboard in Resources */,
				C7B95A3024DE4C0B00459A5C /* Main.storyboard in Resources */,
				C71E19D324EABE65001E83C1 /* Requests.storyboard in Resources */,
				C71E19CC24EAB8C9001E83C1 /* Analytics.storyboard in Resources */,
				C71E19D724EABE88001E83C1 /* Settings.storyboard in Resources */,
			);
			runOnlyForDeploymentPostprocessing = 0;
		};
		C7B95A3C24DE4C0E00459A5C /* Resources */ = {
			isa = PBXResourcesBuildPhase;
			buildActionMask = 2147483647;
			files = (
			);
			runOnlyForDeploymentPostprocessing = 0;
		};
		C7B95A4724DE4C0E00459A5C /* Resources */ = {
			isa = PBXResourcesBuildPhase;
			buildActionMask = 2147483647;
			files = (
			);
			runOnlyForDeploymentPostprocessing = 0;
		};
/* End PBXResourcesBuildPhase section */

/* Begin PBXSourcesBuildPhase section */
		C7B95A2324DE4C0B00459A5C /* Sources */ = {
			isa = PBXSourcesBuildPhase;
			buildActionMask = 2147483647;
			files = (
				C7A5567424DE536E00C21123 /* Cloudflare.swift in Sources */,
				C7B95A2D24DE4C0B00459A5C /* ViewController.swift in Sources */,
				C7B95A3324DE4C0B00459A5C /* Bonfire.xcdatamodeld in Sources */,
				453FE08024F347F500DA3383 /* SettingsTableTableViewController.swift in Sources */,
				C7B95A2B24DE4C0B00459A5C /* AppDelegate.swift in Sources */,
				C7A5567624DE55A900C21123 /* AnalyticsViewModel.swift in Sources */,
			);
			runOnlyForDeploymentPostprocessing = 0;
		};
		C7B95A3A24DE4C0E00459A5C /* Sources */ = {
			isa = PBXSourcesBuildPhase;
			buildActionMask = 2147483647;
			files = (
				C7B95A4324DE4C0E00459A5C /* BonfireTests.swift in Sources */,
			);
			runOnlyForDeploymentPostprocessing = 0;
		};
		C7B95A4524DE4C0E00459A5C /* Sources */ = {
			isa = PBXSourcesBuildPhase;
			buildActionMask = 2147483647;
			files = (
				C7B95A4E24DE4C0E00459A5C /* BonfireUITests.swift in Sources */,
			);
			runOnlyForDeploymentPostprocessing = 0;
		};
/* End PBXSourcesBuildPhase section */

/* Begin PBXTargetDependency section */
		C7B95A4024DE4C0E00459A5C /* PBXTargetDependency */ = {
			isa = PBXTargetDependency;
			target = C7B95A2624DE4C0B00459A5C /* Bonfire */;
			targetProxy = C7B95A3F24DE4C0E00459A5C /* PBXContainerItemProxy */;
		};
		C7B95A4B24DE4C0E00459A5C /* PBXTargetDependency */ = {
			isa = PBXTargetDependency;
			target = C7B95A2624DE4C0B00459A5C /* Bonfire */;
			targetProxy = C7B95A4A24DE4C0E00459A5C /* PBXContainerItemProxy */;
		};
/* End PBXTargetDependency section */

/* Begin PBXVariantGroup section */
		C7B95A2E24DE4C0B00459A5C /* Main.storyboard */ = {
			isa = PBXVariantGroup;
			children = (
				C7B95A2F24DE4C0B00459A5C /* Base */,
			);
			name = Main.storyboard;
			sourceTree = "<group>";
		};
		C7B95A3624DE4C0D00459A5C /* LaunchScreen.storyboard */ = {
			isa = PBXVariantGroup;
			children = (
				C7B95A3724DE4C0D00459A5C /* Base */,
			);
			name = LaunchScreen.storyboard;
			sourceTree = "<group>";
		};
/* End PBXVariantGroup section */

/* Begin XCBuildConfiguration section */
		C7B95A5024DE4C0E00459A5C /* Debug */ = {
			isa = XCBuildConfiguration;
			buildSettings = {
				ALWAYS_SEARCH_USER_PATHS = NO;
				CLANG_ANALYZER_NONNULL = YES;
				CLANG_ANALYZER_NUMBER_OBJECT_CONVERSION = YES_AGGRESSIVE;
				CLANG_CXX_LANGUAGE_STANDARD = "gnu++14";
				CLANG_CXX_LIBRARY = "libc++";
				CLANG_ENABLE_MODULES = YES;
				CLANG_ENABLE_OBJC_ARC = YES;
				CLANG_ENABLE_OBJC_WEAK = YES;
				CLANG_WARN_BLOCK_CAPTURE_AUTORELEASING = YES;
				CLANG_WARN_BOOL_CONVERSION = YES;
				CLANG_WARN_COMMA = YES;
				CLANG_WARN_CONSTANT_CONVERSION = YES;
				CLANG_WARN_DEPRECATED_OBJC_IMPLEMENTATIONS = YES;
				CLANG_WARN_DIRECT_OBJC_ISA_USAGE = YES_ERROR;
				CLANG_WARN_DOCUMENTATION_COMMENTS = YES;
				CLANG_WARN_EMPTY_BODY = YES;
				CLANG_WARN_ENUM_CONVERSION = YES;
				CLANG_WARN_INFINITE_RECURSION = YES;
				CLANG_WARN_INT_CONVERSION = YES;
				CLANG_WARN_NON_LITERAL_NULL_CONVERSION = YES;
				CLANG_WARN_OBJC_IMPLICIT_RETAIN_SELF = YES;
				CLANG_WARN_OBJC_LITERAL_CONVERSION = YES;
				CLANG_WARN_OBJC_ROOT_CLASS = YES_ERROR;
				CLANG_WARN_RANGE_LOOP_ANALYSIS = YES;
				CLANG_WARN_STRICT_PROTOTYPES = YES;
				CLANG_WARN_SUSPICIOUS_MOVE = YES;
				CLANG_WARN_UNGUARDED_AVAILABILITY = YES_AGGRESSIVE;
				CLANG_WARN_UNREACHABLE_CODE = YES;
				CLANG_WARN__DUPLICATE_METHOD_MATCH = YES;
				CODE_SIGN_IDENTITY = "iPhone Developer";
				COPY_PHASE_STRIP = NO;
				DEBUG_INFORMATION_FORMAT = dwarf;
				ENABLE_STRICT_OBJC_MSGSEND = YES;
				ENABLE_TESTABILITY = YES;
				GCC_C_LANGUAGE_STANDARD = gnu11;
				GCC_DYNAMIC_NO_PIC = NO;
				GCC_NO_COMMON_BLOCKS = YES;
				GCC_OPTIMIZATION_LEVEL = 0;
				GCC_PREPROCESSOR_DEFINITIONS = (
					"DEBUG=1",
					"$(inherited)",
				);
				GCC_WARN_64_TO_32_BIT_CONVERSION = YES;
				GCC_WARN_ABOUT_RETURN_TYPE = YES_ERROR;
				GCC_WARN_UNDECLARED_SELECTOR = YES;
				GCC_WARN_UNINITIALIZED_AUTOS = YES_AGGRESSIVE;
				GCC_WARN_UNUSED_FUNCTION = YES;
				GCC_WARN_UNUSED_VARIABLE = YES;
				IPHONEOS_DEPLOYMENT_TARGET = 12.4;
				MTL_ENABLE_DEBUG_INFO = INCLUDE_SOURCE;
				MTL_FAST_MATH = YES;
				ONLY_ACTIVE_ARCH = YES;
				SDKROOT = iphoneos;
				SWIFT_ACTIVE_COMPILATION_CONDITIONS = DEBUG;
				SWIFT_OPTIMIZATION_LEVEL = "-Onone";
			};
			name = Debug;
		};
		C7B95A5124DE4C0E00459A5C /* Release */ = {
			isa = XCBuildConfiguration;
			buildSettings = {
				ALWAYS_SEARCH_USER_PATHS = NO;
				CLANG_ANALYZER_NONNULL = YES;
				CLANG_ANALYZER_NUMBER_OBJECT_CONVERSION = YES_AGGRESSIVE;
				CLANG_CXX_LANGUAGE_STANDARD = "gnu++14";
				CLANG_CXX_LIBRARY = "libc++";
				CLANG_ENABLE_MODULES = YES;
				CLANG_ENABLE_OBJC_ARC = YES;
				CLANG_ENABLE_OBJC_WEAK = YES;
				CLANG_WARN_BLOCK_CAPTURE_AUTORELEASING = YES;
				CLANG_WARN_BOOL_CONVERSION = YES;
				CLANG_WARN_COMMA = YES;
				CLANG_WARN_CONSTANT_CONVERSION = YES;
				CLANG_WARN_DEPRECATED_OBJC_IMPLEMENTATIONS = YES;
				CLANG_WARN_DIRECT_OBJC_ISA_USAGE = YES_ERROR;
				CLANG_WARN_DOCUMENTATION_COMMENTS = YES;
				CLANG_WARN_EMPTY_BODY = YES;
				CLANG_WARN_ENUM_CONVERSION = YES;
				CLANG_WARN_INFINITE_RECURSION = YES;
				CLANG_WARN_INT_CONVERSION = YES;
				CLANG_WARN_NON_LITERAL_NULL_CONVERSION = YES;
				CLANG_WARN_OBJC_IMPLICIT_RETAIN_SELF = YES;
				CLANG_WARN_OBJC_LITERAL_CONVERSION = YES;
				CLANG_WARN_OBJC_ROOT_CLASS = YES_ERROR;
				CLANG_WARN_RANGE_LOOP_ANALYSIS = YES;
				CLANG_WARN_STRICT_PROTOTYPES = YES;
				CLANG_WARN_SUSPICIOUS_MOVE = YES;
				CLANG_WARN_UNGUARDED_AVAILABILITY = YES_AGGRESSIVE;
				CLANG_WARN_UNREACHABLE_CODE = YES;
				CLANG_WARN__DUPLICATE_METHOD_MATCH = YES;
				CODE_SIGN_IDENTITY = "iPhone Developer";
				COPY_PHASE_STRIP = NO;
				DEBUG_INFORMATION_FORMAT = "dwarf-with-dsym";
				ENABLE_NS_ASSERTIONS = NO;
				ENABLE_STRICT_OBJC_MSGSEND = YES;
				GCC_C_LANGUAGE_STANDARD = gnu11;
				GCC_NO_COMMON_BLOCKS = YES;
				GCC_WARN_64_TO_32_BIT_CONVERSION = YES;
				GCC_WARN_ABOUT_RETURN_TYPE = YES_ERROR;
				GCC_WARN_UNDECLARED_SELECTOR = YES;
				GCC_WARN_UNINITIALIZED_AUTOS = YES_AGGRESSIVE;
				GCC_WARN_UNUSED_FUNCTION = YES;
				GCC_WARN_UNUSED_VARIABLE = YES;
				IPHONEOS_DEPLOYMENT_TARGET = 12.4;
				MTL_ENABLE_DEBUG_INFO = NO;
				MTL_FAST_MATH = YES;
				SDKROOT = iphoneos;
				SWIFT_COMPILATION_MODE = wholemodule;
				SWIFT_OPTIMIZATION_LEVEL = "-O";
				VALIDATE_PRODUCT = YES;
			};
			name = Release;
		};
		C7B95A5324DE4C0E00459A5C /* Debug */ = {
			isa = XCBuildConfiguration;
			buildSettings = {
				ASSETCATALOG_COMPILER_APPICON_NAME = AppIcon;
				CODE_SIGN_STYLE = Automatic;
				DEVELOPMENT_TEAM = 6YNMVWJMLK;
				INFOPLIST_FILE = Bonfire/Info.plist;
				LD_RUNPATH_SEARCH_PATHS = (
					"$(inherited)",
					"@executable_path/Frameworks",
				);
				PRODUCT_BUNDLE_IDENTIFIER = com.ipse.Bonfire;
				PRODUCT_NAME = "$(TARGET_NAME)";
				SWIFT_VERSION = 4.0;
				TARGETED_DEVICE_FAMILY = "1,2";
			};
			name = Debug;
		};
		C7B95A5424DE4C0E00459A5C /* Release */ = {
			isa = XCBuildConfiguration;
			buildSettings = {
				ASSETCATALOG_COMPILER_APPICON_NAME = AppIcon;
				CODE_SIGN_STYLE = Automatic;
				DEVELOPMENT_TEAM = 6YNMVWJMLK;
				INFOPLIST_FILE = Bonfire/Info.plist;
				LD_RUNPATH_SEARCH_PATHS = (
					"$(inherited)",
					"@executable_path/Frameworks",
				);
				PRODUCT_BUNDLE_IDENTIFIER = com.ipse.Bonfire;
				PRODUCT_NAME = "$(TARGET_NAME)";
				SWIFT_VERSION = 4.0;
				TARGETED_DEVICE_FAMILY = "1,2";
			};
			name = Release;
		};
		C7B95A5624DE4C0E00459A5C /* Debug */ = {
			isa = XCBuildConfiguration;
			buildSettings = {
				ALWAYS_EMBED_SWIFT_STANDARD_LIBRARIES = YES;
				BUNDLE_LOADER = "$(TEST_HOST)";
				CODE_SIGN_STYLE = Automatic;
				INFOPLIST_FILE = BonfireTests/Info.plist;
				LD_RUNPATH_SEARCH_PATHS = (
					"$(inherited)",
					"@executable_path/Frameworks",
					"@loader_path/Frameworks",
				);
				PRODUCT_BUNDLE_IDENTIFIER = com.ipse.BonfireTests;
				PRODUCT_NAME = "$(TARGET_NAME)";
				SWIFT_VERSION = 5.0;
				TARGETED_DEVICE_FAMILY = "1,2";
				TEST_HOST = "$(BUILT_PRODUCTS_DIR)/Bonfire.app/Bonfire";
			};
			name = Debug;
		};
		C7B95A5724DE4C0E00459A5C /* Release */ = {
			isa = XCBuildConfiguration;
			buildSettings = {
				ALWAYS_EMBED_SWIFT_STANDARD_LIBRARIES = YES;
				BUNDLE_LOADER = "$(TEST_HOST)";
				CODE_SIGN_STYLE = Automatic;
				INFOPLIST_FILE = BonfireTests/Info.plist;
				LD_RUNPATH_SEARCH_PATHS = (
					"$(inherited)",
					"@executable_path/Frameworks",
					"@loader_path/Frameworks",
				);
				PRODUCT_BUNDLE_IDENTIFIER = com.ipse.BonfireTests;
				PRODUCT_NAME = "$(TARGET_NAME)";
				SWIFT_VERSION = 5.0;
				TARGETED_DEVICE_FAMILY = "1,2";
				TEST_HOST = "$(BUILT_PRODUCTS_DIR)/Bonfire.app/Bonfire";
			};
			name = Release;
		};
		C7B95A5924DE4C0E00459A5C /* Debug */ = {
			isa = XCBuildConfiguration;
			buildSettings = {
				ALWAYS_EMBED_SWIFT_STANDARD_LIBRARIES = YES;
				CODE_SIGN_STYLE = Automatic;
				INFOPLIST_FILE = BonfireUITests/Info.plist;
				LD_RUNPATH_SEARCH_PATHS = (
					"$(inherited)",
					"@executable_path/Frameworks",
					"@loader_path/Frameworks",
				);
				PRODUCT_BUNDLE_IDENTIFIER = com.ipse.BonfireUITests;
				PRODUCT_NAME = "$(TARGET_NAME)";
				SWIFT_VERSION = 5.0;
				TARGETED_DEVICE_FAMILY = "1,2";
				TEST_TARGET_NAME = Bonfire;
			};
			name = Debug;
		};
		C7B95A5A24DE4C0E00459A5C /* Release */ = {
			isa = XCBuildConfiguration;
			buildSettings = {
				ALWAYS_EMBED_SWIFT_STANDARD_LIBRARIES = YES;
				CODE_SIGN_STYLE = Automatic;
				INFOPLIST_FILE = BonfireUITests/Info.plist;
				LD_RUNPATH_SEARCH_PATHS = (
					"$(inherited)",
					"@executable_path/Frameworks",
					"@loader_path/Frameworks",
				);
				PRODUCT_BUNDLE_IDENTIFIER = com.ipse.BonfireUITests;
				PRODUCT_NAME = "$(TARGET_NAME)";
				SWIFT_VERSION = 5.0;
				TARGETED_DEVICE_FAMILY = "1,2";
				TEST_TARGET_NAME = Bonfire;
			};
			name = Release;
		};
/* End XCBuildConfiguration section */

/* Begin XCConfigurationList section */
		C7B95A2224DE4C0B00459A5C /* Build configuration list for PBXProject "Bonfire" */ = {
			isa = XCConfigurationList;
			buildConfigurations = (
				C7B95A5024DE4C0E00459A5C /* Debug */,
				C7B95A5124DE4C0E00459A5C /* Release */,
			);
			defaultConfigurationIsVisible = 0;
			defaultConfigurationName = Release;
		};
		C7B95A5224DE4C0E00459A5C /* Build configuration list for PBXNativeTarget "Bonfire" */ = {
			isa = XCConfigurationList;
			buildConfigurations = (
				C7B95A5324DE4C0E00459A5C /* Debug */,
				C7B95A5424DE4C0E00459A5C /* Release */,
			);
			defaultConfigurationIsVisible = 0;
			defaultConfigurationName = Release;
		};
		C7B95A5524DE4C0E00459A5C /* Build configuration list for PBXNativeTarget "BonfireTests" */ = {
			isa = XCConfigurationList;
			buildConfigurations = (
				C7B95A5624DE4C0E00459A5C /* Debug */,
				C7B95A5724DE4C0E00459A5C /* Release */,
			);
			defaultConfigurationIsVisible = 0;
			defaultConfigurationName = Release;
		};
		C7B95A5824DE4C0E00459A5C /* Build configuration list for PBXNativeTarget "BonfireUITests" */ = {
			isa = XCConfigurationList;
			buildConfigurations = (
				C7B95A5924DE4C0E00459A5C /* Debug */,
				C7B95A5A24DE4C0E00459A5C /* Release */,
			);
			defaultConfigurationIsVisible = 0;
			defaultConfigurationName = Release;
		};
/* End XCConfigurationList section */

/* Begin XCVersionGroup section */
		C7B95A3124DE4C0B00459A5C /* Bonfire.xcdatamodeld */ = {
			isa = XCVersionGroup;
			children = (
				C7B95A3224DE4C0B00459A5C /* Bonfire.xcdatamodel */,
			);
			currentVersion = C7B95A3224DE4C0B00459A5C /* Bonfire.xcdatamodel */;
			path = Bonfire.xcdatamodeld;
			sourceTree = "<group>";
			versionGroupType = wrapper.xcdatamodel;
		};
/* End XCVersionGroup section */
	};
	rootObject = C7B95A1F24DE4C0B00459A5C /* Project object */;
}
